
Microsoft Visual Studio Solution File, Format Version 12.00
# Visual Studio Version 16
VisualStudioVersion = 16.0.34301.259
MinimumVisualStudioVersion = 10.0.40219.1
Project("{FAE04EC0-301F-11D3-BF4B-00C04F79EFBC}") = "App", "App\App.csproj", "{2C4BF22B-5A37-496E-950D-017541AFED8B}"
EndProject
Global
	GlobalSection(SolutionConfigurationPlatforms) = preSolution
		Debug|Any CPU = Debug|Any CPU
		Release|Any CPU = Release|Any CPU
	EndGlobalSection
	GlobalSection(ProjectConfigurationPlatforms) = postSolution
		{2C4BF22B-5A37-496E-950D-017541AFED8B}.Debug|Any CPU.ActiveCfg = Debug|Any CPU
		{2C4BF22B-5A37-496E-950D-017541AFED8B}.Debug|Any CPU.Build.0 = Debug|Any CPU
		{2C4BF22B-5A37-496E-950D-017541AFED8B}.Release|Any CPU.ActiveCfg = Release|Any CPU
		{2C4BF22B-5A37-496E-950D-017541AFED8B}.Release|Any CPU.Build.0 = Release|Any CPU
	EndGlobalSection
	GlobalSection(SolutionProperties) = preSolution
		HideSolutionNode = FALSE
	EndGlobalSection
	GlobalSection(ExtensibilityGlobals) = postSolution
		SolutionGuid = {C73C4696-8E26-435A-BCD2-99D53974B529}
	EndGlobalSection
EndGlobal
